
Microsoft Visual Studio Solution File, Format Version 12.00
# Visual Studio Version 17
VisualStudioVersion = 17.13.35931.197 d17.13
MinimumVisualStudioVersion = 10.0.40219.1
Project("{FAE04EC0-301F-11D3-BF4B-00C04F79EFBC}") = "Adding two input in dgv table with database", "Adding two input in dgv table with database\Adding two input in dgv table with database.csproj", "{59EDACCC-30A8-4059-9640-76B20FFF75B9}"
EndProject
Global
	GlobalSection(SolutionConfigurationPlatforms) = preSolution
		Debug|Any CPU = Debug|Any CPU
		Release|Any CPU = Release|Any CPU
	EndGlobalSection
	GlobalSection(ProjectConfigurationPlatforms) = postSolution
		{59EDACCC-30A8-4059-9640-76B20FFF75B9}.Debug|Any CPU.ActiveCfg = Debug|Any CPU
		{59EDACCC-30A8-4059-9640-76B20FFF75B9}.Debug|Any CPU.Build.0 = Debug|Any CPU
		{59EDACCC-30A8-4059-9640-76B20FFF75B9}.Release|Any CPU.ActiveCfg = Release|Any CPU
		{59EDACCC-30A8-4059-9640-76B20FFF75B9}.Release|Any CPU.Build.0 = Release|Any CPU
	EndGlobalSection
	GlobalSection(SolutionProperties) = preSolution
		HideSolutionNode = FALSE
	EndGlobalSection
	GlobalSection(ExtensibilityGlobals) = postSolution
		SolutionGuid = {8C64169F-31EA-4689-8219-011AD068B0B1}
	EndGlobalSection
EndGlobal
